
Microsoft Visual Studio Solution File, Format Version 12.00
# Visual Studio Version 17
VisualStudioVersion = 17.3.32901.215
MinimumVisualStudioVersion = 10.0.40219.1
Project("{FAE04EC0-301F-11D3-BF4B-00C04F79EFBC}") = "CRUDSelector", "CRUDSelector\CRUDSelector.csproj", "{C05F1993-7048-4776-B025-7D27904C1853}"
EndProject
Global
	GlobalSection(SolutionConfigurationPlatforms) = preSolution
		Debug|Any CPU = Debug|Any CPU
		Release|Any CPU = Release|Any CPU
	EndGlobalSection
	GlobalSection(ProjectConfigurationPlatforms) = postSolution
		{C05F1993-7048-4776-B025-7D27904C1853}.Debug|Any CPU.ActiveCfg = Debug|Any CPU
		{C05F1993-7048-4776-B025-7D27904C1853}.Debug|Any CPU.Build.0 = Debug|Any CPU
		{C05F1993-7048-4776-B025-7D27904C1853}.Release|Any CPU.ActiveCfg = Release|Any CPU
		{C05F1993-7048-4776-B025-7D27904C1853}.Release|Any CPU.Build.0 = Release|Any CPU
	EndGlobalSection
	GlobalSection(SolutionProperties) = preSolution
		HideSolutionNode = FALSE
	EndGlobalSection
	GlobalSection(ExtensibilityGlobals) = postSolution
		SolutionGuid = {4060B293-0889-4276-9D28-28652DBCCB8E}
	EndGlobalSection
EndGlobal
